
Microsoft Visual Studio Solution File, Format Version 12.00
# Visual Studio Version 17
VisualStudioVersion = 17.2.32616.157
MinimumVisualStudioVersion = 10.0.40219.1
Project("{2150E333-8FDC-42A3-9474-1A3956D46DE8}") = "FrontEnd", "FrontEnd", "{15C5835D-BB73-4B0F-BC6E-65895BF967CD}"
EndProject
Project("{9A19103F-16F7-4668-BE54-9A1E7A4F7556}") = "Mango.Web", "Mango.Web\Mango.Web.csproj", "{5098E634-3FB8-410E-980E-341ECD40DC28}"
EndProject
Project("{2150E333-8FDC-42A3-9474-1A3956D46DE8}") = "Services", "Services", "{31B523B6-EF68-4DEA-B112-F4E7563D2F2C}"
EndProject
Project("{9A19103F-16F7-4668-BE54-9A1E7A4F7556}") = "Mango.Services.ProductAPI", "Mango.Services.ProductAPI\Mango.Services.ProductAPI.csproj", "{14AD8B92-7827-408C-9619-4B17E32C1289}"
EndProject
Project("{9A19103F-16F7-4668-BE54-9A1E7A4F7556}") = "Mango.Services.Identity", "Mango.Services.Identity\Mango.Services.Identity.csproj", "{14DFB6F5-793E-425E-B469-67BC2CB64CDC}"
EndProject
Project("{9A19103F-16F7-4668-BE54-9A1E7A4F7556}") = "Mango.Services.ShoppingCartAPI", "Mango.Services.ShoppingCartAPI\Mango.Services.ShoppingCartAPI.csproj", "{460760B6-87A1-4776-952B-4032841EFC9A}"
EndProject
Project("{9A19103F-16F7-4668-BE54-9A1E7A4F7556}") = "Mango.Services.CouponAPI", "Mango.Services.CouponAPI\Mango.Services.CouponAPI.csproj", "{29C63D49-BE97-4E93-93E1-541BAA908E9D}"
EndProject
Project("{9A19103F-16F7-4668-BE54-9A1E7A4F7556}") = "Mango.MessageBus", "Mango.MessageBus\Mango.MessageBus.csproj", "{3A8CE7AA-55A6-4BE7-B74E-AB655BF409E1}"
EndProject
Project("{2150E333-8FDC-42A3-9474-1A3956D46DE8}") = "Integration", "Integration", "{7FFBFF9A-3DBA-4F1A-8E92-446BCB5CCA60}"
EndProject
Project("{9A19103F-16F7-4668-BE54-9A1E7A4F7556}") = "Mango.Services.OrderAPI", "Mango.Services.OrderAPI\Mango.Services.OrderAPI.csproj", "{D3ED7969-0D87-43CF-9681-6740B6C7C724}"
EndProject
Project("{2150E333-8FDC-42A3-9474-1A3956D46DE8}") = "Payments", "Payments", "{CF2BA16B-9397-46A0-B05B-BDC6CEDF76D8}"
EndProject
Project("{9A19103F-16F7-4668-BE54-9A1E7A4F7556}") = "PaymentProcessor", "PaymentProcessor\PaymentProcessor.csproj", "{13877F62-FF7C-4260-BB6A-27C7503E6FFD}"
EndProject
Project("{9A19103F-16F7-4668-BE54-9A1E7A4F7556}") = "Mango.Services.PaymentAPI", "Mango.Services.PaymentAPI\Mango.Services.PaymentAPI.csproj", "{7C21DD72-1F58-4757-8B88-BD02A30E2EAC}"
EndProject
Project("{9A19103F-16F7-4668-BE54-9A1E7A4F7556}") = "Mango.Services.Email", "Mango.Services.Email\Mango.Services.Email.csproj", "{3ABC22F3-8EF7-4089-A156-DBC4586DE135}"
EndProject
Project("{2150E333-8FDC-42A3-9474-1A3956D46DE8}") = "Gateway", "Gateway", "{61F023B8-5AC6-4156-98A0-5E59BE365A58}"
EndProject
Project("{FAE04EC0-301F-11D3-BF4B-00C04F79EFBC}") = "Mango.GatewaySolution", "Mango.GatewaySolution\Mango.GatewaySolution.csproj", "{3613F3F8-4302-4ECE-A789-4CA2D0770C62}"
EndProject
Global
	GlobalSection(SolutionConfigurationPlatforms) = preSolution
		Debug|Any CPU = Debug|Any CPU
		Release|Any CPU = Release|Any CPU
	EndGlobalSection
	GlobalSection(ProjectConfigurationPlatforms) = postSolution
		{5098E634-3FB8-410E-980E-341ECD40DC28}.Debug|Any CPU.ActiveCfg = Debug|Any CPU
		{5098E634-3FB8-410E-980E-341ECD40DC28}.Debug|Any CPU.Build.0 = Debug|Any CPU
		{5098E634-3FB8-410E-980E-341ECD40DC28}.Release|Any CPU.ActiveCfg = Release|Any CPU
		{5098E634-3FB8-410E-980E-341ECD40DC28}.Release|Any CPU.Build.0 = Release|Any CPU
		{14AD8B92-7827-408C-9619-4B17E32C1289}.Debug|Any CPU.ActiveCfg = Debug|Any CPU
		{14AD8B92-7827-408C-9619-4B17E32C1289}.Debug|Any CPU.Build.0 = Debug|Any CPU
		{14AD8B92-7827-408C-9619-4B17E32C1289}.Release|Any CPU.ActiveCfg = Release|Any CPU
		{14AD8B92-7827-408C-9619-4B17E32C1289}.Release|Any CPU.Build.0 = Release|Any CPU
		{14DFB6F5-793E-425E-B469-67BC2CB64CDC}.Debug|Any CPU.ActiveCfg = Debug|Any CPU
		{14DFB6F5-793E-425E-B469-67BC2CB64CDC}.Debug|Any CPU.Build.0 = Debug|Any CPU
		{14DFB6F5-793E-425E-B469-67BC2CB64CDC}.Release|Any CPU.ActiveCfg = Release|Any CPU
		{14DFB6F5-793E-425E-B469-67BC2CB64CDC}.Release|Any CPU.Build.0 = Release|Any CPU
		{460760B6-87A1-4776-952B-4032841EFC9A}.Debug|Any CPU.ActiveCfg = Debug|Any CPU
		{460760B6-87A1-4776-952B-4032841EFC9A}.Debug|Any CPU.Build.0 = Debug|Any CPU
		{460760B6-87A1-4776-952B-4032841EFC9A}.Release|Any CPU.ActiveCfg = Release|Any CPU
		{460760B6-87A1-4776-952B-4032841EFC9A}.Release|Any CPU.Build.0 = Release|Any CPU
		{29C63D49-BE97-4E93-93E1-541BAA908E9D}.Debug|Any CPU.ActiveCfg = Debug|Any CPU
		{29C63D49-BE97-4E93-93E1-541BAA908E9D}.Debug|Any CPU.Build.0 = Debug|Any CPU
		{29C63D49-BE97-4E93-93E1-541BAA908E9D}.Release|Any CPU.ActiveCfg = Release|Any CPU
		{29C63D49-BE97-4E93-93E1-541BAA908E9D}.Release|Any CPU.Build.0 = Release|Any CPU
		{3A8CE7AA-55A6-4BE7-B74E-AB655BF409E1}.Debug|Any CPU.ActiveCfg = Debug|Any CPU
		{3A8CE7AA-55A6-4BE7-B74E-AB655BF409E1}.Debug|Any CPU.Build.0 = Debug|Any CPU
		{3A8CE7AA-55A6-4BE7-B74E-AB655BF409E1}.Release|Any CPU.ActiveCfg = Release|Any CPU
		{3A8CE7AA-55A6-4BE7-B74E-AB655BF409E1}.Release|Any CPU.Build.0 = Release|Any CPU
		{D3ED7969-0D87-43CF-9681-6740B6C7C724}.Debug|Any CPU.ActiveCfg = Debug|Any CPU
		{D3ED7969-0D87-43CF-9681-6740B6C7C724}.Debug|Any CPU.Build.0 = Debug|Any CPU
		{D3ED7969-0D87-43CF-9681-6740B6C7C724}.Release|Any CPU.ActiveCfg = Release|Any CPU
		{D3ED7969-0D87-43CF-9681-6740B6C7C724}.Release|Any CPU.Build.0 = Release|Any CPU
		{13877F62-FF7C-4260-BB6A-27C7503E6FFD}.Debug|Any CPU.ActiveCfg = Debug|Any CPU
		{13877F62-FF7C-4260-BB6A-27C7503E6FFD}.Debug|Any CPU.Build.0 = Debug|Any CPU
		{13877F62-FF7C-4260-BB6A-27C7503E6FFD}.Release|Any CPU.ActiveCfg = Release|Any CPU
		{13877F62-FF7C-4260-BB6A-27C7503E6FFD}.Release|Any CPU.Build.0 = Release|Any CPU
		{7C21DD72-1F58-4757-8B88-BD02A30E2EAC}.Debug|Any CPU.ActiveCfg = Debug|Any CPU
		{7C21DD72-1F58-4757-8B88-BD02A30E2EAC}.Debug|Any CPU.Build.0 = Debug|Any CPU
		{7C21DD72-1F58-4757-8B88-BD02A30E2EAC}.Release|Any CPU.ActiveCfg = Release|Any CPU
		{7C21DD72-1F58-4757-8B88-BD02A30E2EAC}.Release|Any CPU.Build.0 = Release|Any CPU
		{3ABC22F3-8EF7-4089-A156-DBC4586DE135}.Debug|Any CPU.ActiveCfg = Debug|Any CPU
		{3ABC22F3-8EF7-4089-A156-DBC4586DE135}.Debug|Any CPU.Build.0 = Debug|Any CPU
		{3ABC22F3-8EF7-4089-A156-DBC4586DE135}.Release|Any CPU.ActiveCfg = Release|Any CPU
		{3ABC22F3-8EF7-4089-A156-DBC4586DE135}.Release|Any CPU.Build.0 = Release|Any CPU
		{3613F3F8-4302-4ECE-A789-4CA2D0770C62}.Debug|Any CPU.ActiveCfg = Debug|Any CPU
		{3613F3F8-4302-4ECE-A789-4CA2D0770C62}.Debug|Any CPU.Build.0 = Debug|Any CPU
		{3613F3F8-4302-4ECE-A789-4CA2D0770C62}.Release|Any CPU.ActiveCfg = Release|Any CPU
		{3613F3F8-4302-4ECE-A789-4CA2D0770C62}.Release|Any CPU.Build.0 = Release|Any CPU
	EndGlobalSection
	GlobalSection(SolutionProperties) = preSolution
		HideSolutionNode = FALSE
	EndGlobalSection
	GlobalSection(NestedProjects) = preSolution
		{5098E634-3FB8-410E-980E-341ECD40DC28} = {15C5835D-BB73-4B0F-BC6E-65895BF967CD}
		{14AD8B92-7827-408C-9619-4B17E32C1289} = {31B523B6-EF68-4DEA-B112-F4E7563D2F2C}
		{14DFB6F5-793E-425E-B469-67BC2CB64CDC} = {31B523B6-EF68-4DEA-B112-F4E7563D2F2C}
		{460760B6-87A1-4776-952B-4032841EFC9A} = {31B523B6-EF68-4DEA-B112-F4E7563D2F2C}
		{29C63D49-BE97-4E93-93E1-541BAA908E9D} = {31B523B6-EF68-4DEA-B112-F4E7563D2F2C}
		{3A8CE7AA-55A6-4BE7-B74E-AB655BF409E1} = {7FFBFF9A-3DBA-4F1A-8E92-446BCB5CCA60}
		{D3ED7969-0D87-43CF-9681-6740B6C7C724} = {31B523B6-EF68-4DEA-B112-F4E7563D2F2C}
		{13877F62-FF7C-4260-BB6A-27C7503E6FFD} = {CF2BA16B-9397-46A0-B05B-BDC6CEDF76D8}
		{7C21DD72-1F58-4757-8B88-BD02A30E2EAC} = {31B523B6-EF68-4DEA-B112-F4E7563D2F2C}
		{3ABC22F3-8EF7-4089-A156-DBC4586DE135} = {31B523B6-EF68-4DEA-B112-F4E7563D2F2C}
		{3613F3F8-4302-4ECE-A789-4CA2D0770C62} = {61F023B8-5AC6-4156-98A0-5E59BE365A58}
	EndGlobalSection
	GlobalSection(ExtensibilityGlobals) = postSolution
		SolutionGuid = {1A28C7A0-526D-4C1A-81CB-9476AA2FF25F}
	EndGlobalSection
EndGlobal
